# THIS IS AN AUTOGENERATED FILE. DO NOT EDIT THIS FILE DIRECTLY.
# yarn lockfile v1


ansi-regex@^2.0.0:
  version "2.1.1"
  resolved "https://registry.yarnpkg.com/ansi-regex/-/ansi-regex-2.1.1.tgz#c3b33ab5ee360d86e0e628f0468ae7ef27d654df"

array-iterate@^1.0.0:
  version "1.1.1"
  resolved "https://registry.yarnpkg.com/array-iterate/-/array-iterate-1.1.1.tgz#865bf7f8af39d6b0982c60902914ac76bc0108f6"

bail@^1.0.0:
  version "1.0.2"
  resolved "https://registry.yarnpkg.com/bail/-/bail-1.0.2.tgz#f7d6c1731630a9f9f0d4d35ed1f962e2074a1764"

bobril@^7.6.1:
  version "7.6.1"
  resolved "https://registry.yarnpkg.com/bobril/-/bobril-7.6.1.tgz#635add7376e2d5b074867f5a641633a33c2976b7"

code-point-at@^1.0.0:
  version "1.1.0"
  resolved "https://registry.yarnpkg.com/code-point-at/-/code-point-at-1.1.0.tgz#0d070b4d043a5bea33a2f1a40e2edb3d9a4ccf77"

extend@^3.0.0:
  version "3.0.1"
  resolved "https://registry.yarnpkg.com/extend/-/extend-3.0.1.tgz#a755ea7bc1adfcc5a31ce7e762dbaadc5e636444"

fs@^0.0.1-security:
  version "0.0.1-security"
  resolved "https://registry.yarnpkg.com/fs/-/fs-0.0.1-security.tgz#8a7bd37186b6dddf3813f23858b57ecaaf5e41d4"

has-flag@^2.0.0:
  version "2.0.0"
  resolved "https://registry.yarnpkg.com/has-flag/-/has-flag-2.0.0.tgz#e8207af1cc7b30d446cc70b734b5e8be18f88d51"

inherits@^2.0.1:
  version "2.0.3"
  resolved "https://registry.yarnpkg.com/inherits/-/inherits-2.0.3.tgz#633c2c83e3da42a502f52466022480f4208261de"

is-buffer@^1.1.4:
  version "1.1.5"
  resolved "https://registry.yarnpkg.com/is-buffer/-/is-buffer-1.1.5.tgz#1f3b26ef613b214b88cbca23cc6c01d87961eecc"

is-fullwidth-code-point@^1.0.0:
  version "1.0.0"
  resolved "https://registry.yarnpkg.com/is-fullwidth-code-point/-/is-fullwidth-code-point-1.0.0.tgz#ef9e31386f031a7f0d643af82fde50c457ef00cb"
  dependencies:
    number-is-nan "^1.0.0"

is-plain-obj@^1.1.0:
  version "1.1.0"
  resolved "https://registry.yarnpkg.com/is-plain-obj/-/is-plain-obj-1.1.0.tgz#71a50c8429dfca773c92a390a4a03b39fcd51d3e"

nlcst-to-string@^2.0.0:
  version "2.0.1"
  resolved "https://registry.yarnpkg.com/nlcst-to-string/-/nlcst-to-string-2.0.1.tgz#f90f3cf905c137dc8edd8727fbcde73e73c2a1d9"

number-is-nan@^1.0.0:
  version "1.0.1"
  resolved "https://registry.yarnpkg.com/number-is-nan/-/number-is-nan-1.0.1.tgz#097b602b53422a522c1afb8790318336941a011d"

parse-latin@^4.0.0:
  version "4.1.0"
  resolved "https://registry.yarnpkg.com/parse-latin/-/parse-latin-4.1.0.tgz#f560d46cab1cf04d632815443485a8b3b31e31a7"
  dependencies:
    nlcst-to-string "^2.0.0"
    unist-util-modify-children "^1.0.0"
    unist-util-visit-children "^1.0.0"

repeat-string@^1.5.0:
  version "1.6.1"
  resolved "https://registry.yarnpkg.com/repeat-string/-/repeat-string-1.6.1.tgz#8dcae470e1c88abc2d600fff4a776286da75e637"

replace-ext@1.0.0:
  version "1.0.0"
  resolved "https://registry.yarnpkg.com/replace-ext/-/replace-ext-1.0.0.tgz#de63128373fcbf7c3ccfa4de5a480c45a67958eb"

retext-latin@^2.0.0:
  version "2.0.0"
  resolved "https://registry.yarnpkg.com/retext-latin/-/retext-latin-2.0.0.tgz#b11bd6cae9113fa6293022a4527cd707221ac4b6"
  dependencies:
    parse-latin "^4.0.0"
    unherit "^1.0.4"

retext-stringify@^2.0.0:
  version "2.0.0"
  resolved "https://registry.yarnpkg.com/retext-stringify/-/retext-stringify-2.0.0.tgz#00238facc5491f5bcdc589703a4658db2e54415b"
  dependencies:
    nlcst-to-string "^2.0.0"

retext@^5.0.0:
  version "5.0.0"
  resolved "https://registry.yarnpkg.com/retext/-/retext-5.0.0.tgz#5d9018c4a677d6103c142362d76f50eb1d398bf6"
  dependencies:
    retext-latin "^2.0.0"
    retext-stringify "^2.0.0"
    unified "^6.0.0"

string-width@^1.0.0:
  version "1.0.2"
  resolved "https://registry.yarnpkg.com/string-width/-/string-width-1.0.2.tgz#118bdf5b8cdc51a2a7e70d211e07e2b0b9b107d3"
  dependencies:
    code-point-at "^1.0.0"
    is-fullwidth-code-point "^1.0.0"
    strip-ansi "^3.0.0"

strip-ansi@^3.0.0:
  version "3.0.1"
  resolved "https://registry.yarnpkg.com/strip-ansi/-/strip-ansi-3.0.1.tgz#6a385fb8853d952d5ff05d0e8aaf94278dc63dcf"
  dependencies:
    ansi-regex "^2.0.0"

supports-color@^4.1.0:
  version "4.4.0"
  resolved "https://registry.yarnpkg.com/supports-color/-/supports-color-4.4.0.tgz#883f7ddabc165142b2a61427f3352ded195d1a3e"
  dependencies:
    has-flag "^2.0.0"

trough@^1.0.0:
  version "1.0.1"
  resolved "https://registry.yarnpkg.com/trough/-/trough-1.0.1.tgz#a9fd8b0394b0ae8fff82e0633a0a36ccad5b5f86"

unherit@^1.0.4:
  version "1.1.0"
  resolved "https://registry.yarnpkg.com/unherit/-/unherit-1.1.0.tgz#6b9aaedfbf73df1756ad9e316dd981885840cd7d"
  dependencies:
    inherits "^2.0.1"
    xtend "^4.0.1"

unified@^6.0.0:
  version "6.1.5"
  resolved "https://registry.yarnpkg.com/unified/-/unified-6.1.5.tgz#716937872621a63135e62ced2f3ac6a063c6fb87"
  dependencies:
    bail "^1.0.0"
    extend "^3.0.0"
    is-plain-obj "^1.1.0"
    trough "^1.0.0"
    vfile "^2.0.0"
    x-is-function "^1.0.4"
    x-is-string "^0.1.0"

unist-util-is@^2.1.1:
  version "2.1.1"
  resolved "https://registry.yarnpkg.com/unist-util-is/-/unist-util-is-2.1.1.tgz#0c312629e3f960c66e931e812d3d80e77010947b"

unist-util-modify-children@^1.0.0:
  version "1.1.1"
  resolved "https://registry.yarnpkg.com/unist-util-modify-children/-/unist-util-modify-children-1.1.1.tgz#66d7e6a449e6f67220b976ab3cb8b5ebac39e51d"
  dependencies:
    array-iterate "^1.0.0"

unist-util-stringify-position@^1.0.0:
  version "1.1.1"
  resolved "https://registry.yarnpkg.com/unist-util-stringify-position/-/unist-util-stringify-position-1.1.1.tgz#3ccbdc53679eed6ecf3777dd7f5e3229c1b6aa3c"

unist-util-visit-children@^1.0.0:
  version "1.1.1"
  resolved "https://registry.yarnpkg.com/unist-util-visit-children/-/unist-util-visit-children-1.1.1.tgz#eba63b371116231181068837118b6e6e10ec8844"

unist-util-visit@^1.1.3:
  version "1.1.3"
  resolved "https://registry.yarnpkg.com/unist-util-visit/-/unist-util-visit-1.1.3.tgz#ec268e731b9d277a79a5b5aa0643990e405d600b"

vfile-reporter@^4.0.0:
  version "4.0.0"
  resolved "https://registry.yarnpkg.com/vfile-reporter/-/vfile-reporter-4.0.0.tgz#ea6f0ae1342f4841573985e05f941736f27de9da"
  dependencies:
    repeat-string "^1.5.0"
    string-width "^1.0.0"
    supports-color "^4.1.0"
    unist-util-stringify-position "^1.0.0"
    vfile-statistics "^1.1.0"

vfile-statistics@^1.1.0:
  version "1.1.0"
  resolved "https://registry.yarnpkg.com/vfile-statistics/-/vfile-statistics-1.1.0.tgz#02104c60fdeed1d11b1f73ad65330b7634b3d895"

vfile@^2.0.0:
  version "2.2.0"
  resolved "https://registry.yarnpkg.com/vfile/-/vfile-2.2.0.tgz#ce47a4fb335922b233e535db0f7d8121d8fced4e"
  dependencies:
    is-buffer "^1.1.4"
    replace-ext "1.0.0"
    unist-util-stringify-position "^1.0.0"

x-is-function@^1.0.4:
  version "1.0.4"
  resolved "https://registry.yarnpkg.com/x-is-function/-/x-is-function-1.0.4.tgz#5d294dc3d268cbdd062580e0c5df77a391d1fa1e"

x-is-string@^0.1.0:
  version "0.1.0"
  resolved "https://registry.yarnpkg.com/x-is-string/-/x-is-string-0.1.0.tgz#474b50865af3a49a9c4657f05acd145458f77d82"

xtend@^4.0.1:
  version "4.0.1"
  resolved "https://registry.yarnpkg.com/xtend/-/xtend-4.0.1.tgz#a5c6d532be656e23db820efb943a1f04998d63af"
